
Microsoft Visual Studio Solution File, Format Version 12.00
# Visual Studio Version 17
VisualStudioVersion = 17.2.32630.192
MinimumVisualStudioVersion = 10.0.40219.1
Project("{9A19103F-16F7-4668-BE54-9A1E7A4F7556}") = "R5T.F0124.Construction", "R5T.F0124.Construction\R5T.F0124.Construction.csproj", "{99267E55-DB0E-4A1C-A8CC-0AF6FD408716}"
EndProject
Project("{9A19103F-16F7-4668-BE54-9A1E7A4F7556}") = "R5T.F0124", "R5T.F0124\R5T.F0124.csproj", "{69A4491F-9251-419F-A919-DBBE32B545D9}"
EndProject
Project("{2150E333-8FDC-42A3-9474-1A3956D46DE8}") = "_Dependencies", "_Dependencies", "{9AC54794-8FF9-478A-98E0-80369E33F577}"
EndProject
Project("{9A19103F-16F7-4668-BE54-9A1E7A4F7556}") = "R5T.F0000", "..\..\R5T.F0000\source\R5T.F0000\R5T.F0000.csproj", "{DC416F30-3494-4B68-8368-1E6E1CA67142}"
EndProject
Project("{9A19103F-16F7-4668-BE54-9A1E7A4F7556}") = "R5T.F0002", "..\..\R5T.F0002\source\R5T.F0002\R5T.F0002.csproj", "{E36C6E76-73DA-4BA5-97A1-BD317A936FD6}"
EndProject
Project("{9A19103F-16F7-4668-BE54-9A1E7A4F7556}") = "R5T.F0120", "..\..\R5T.F0120\source\R5T.F0120\R5T.F0120.csproj", "{FBA44544-4F42-4005-BD5B-5FD4008289E2}"
EndProject
Project("{9A19103F-16F7-4668-BE54-9A1E7A4F7556}") = "R5T.T0131", "..\..\R5T.T0131\source\R5T.T0131\R5T.T0131.csproj", "{DFF6897A-A16F-4B78-ACC1-45D46B44FA00}"
EndProject
Project("{9A19103F-16F7-4668-BE54-9A1E7A4F7556}") = "R5T.T0132", "..\..\R5T.T0132\source\R5T.T0132\R5T.T0132.csproj", "{119A558D-9AC1-4B98-8F28-4C23398133FC}"
EndProject
Project("{9A19103F-16F7-4668-BE54-9A1E7A4F7556}") = "R5T.T0142", "..\..\R5T.T0142\source\R5T.T0142\R5T.T0142.csproj", "{D6484239-5708-4DEC-B180-F89FE3DAF859}"
EndProject
Project("{9A19103F-16F7-4668-BE54-9A1E7A4F7556}") = "R5T.T0143", "..\..\R5T.T0143\source\R5T.T0143\R5T.T0143.csproj", "{36A7BF19-BD71-42B6-8A10-5CD7C8BF0DD2}"
EndProject
Project("{9A19103F-16F7-4668-BE54-9A1E7A4F7556}") = "R5T.T0156", "..\..\R5T.T0156\source\R5T.T0156\R5T.T0156.csproj", "{80A45CE6-ED00-4358-9D8B-6A73EE73E2C2}"
EndProject
Project("{9A19103F-16F7-4668-BE54-9A1E7A4F7556}") = "R5T.T0178", "..\..\R5T.T0178\source\R5T.T0178\R5T.T0178.csproj", "{C7482569-C5E6-4E7D-9E8A-EE97CBB602BC}"
EndProject
Project("{9A19103F-16F7-4668-BE54-9A1E7A4F7556}") = "R5T.T0179", "..\..\R5T.T0179\source\R5T.T0179\R5T.T0179.csproj", "{CAC02CC4-4BDD-4799-B1BC-73A566F59CD9}"
EndProject
Project("{9A19103F-16F7-4668-BE54-9A1E7A4F7556}") = "R5T.T0180", "..\..\R5T.T0180\source\R5T.T0180\R5T.T0180.csproj", "{6817F23B-0FAB-452F-9AD8-E44B3C40CBC4}"
EndProject
Project("{9A19103F-16F7-4668-BE54-9A1E7A4F7556}") = "R5T.T0181", "..\..\R5T.T0181\source\R5T.T0181\R5T.T0181.csproj", "{F0519936-1E98-4C97-9EDF-0E437727A5B0}"
EndProject
Project("{9A19103F-16F7-4668-BE54-9A1E7A4F7556}") = "R5T.Y0000", "..\..\R5T.Y0000\source\R5T.Y0000\R5T.Y0000.csproj", "{E6CB9A6B-0F92-42FF-B6F1-A09C12310125}"
EndProject
Project("{9A19103F-16F7-4668-BE54-9A1E7A4F7556}") = "R5T.Z0000", "..\..\R5T.Z0000\source\R5T.Z0000\R5T.Z0000.csproj", "{8E991C98-3A90-4065-AEE6-ADB41F63CB5D}"
EndProject
Project("{9A19103F-16F7-4668-BE54-9A1E7A4F7556}") = "R5T.T0174", "..\..\R5T.T0174\source\R5T.T0174\R5T.T0174.csproj", "{2066194C-4162-473B-9ED2-7026FB231DC1}"
EndProject
Project("{9A19103F-16F7-4668-BE54-9A1E7A4F7556}") = "R5T.T0176", "..\..\R5T.T0176\source\R5T.T0176\R5T.T0176.csproj", "{C7DF59F0-05C9-4DD6-95CA-E9B2236E981A}"
EndProject
Project("{9A19103F-16F7-4668-BE54-9A1E7A4F7556}") = "R5T.T0177", "..\..\R5T.T0177\source\R5T.T0177\R5T.T0177.csproj", "{86AFC2DC-3EA2-4E3E-9D6C-90B0FE00B3D3}"
EndProject
Project("{9A19103F-16F7-4668-BE54-9A1E7A4F7556}") = "R5T.NG0022", "..\..\R5T.NG0022\source\R5T.NG0022\R5T.NG0022.csproj", "{4CCE366C-BC3C-4A82-BADE-43FC9D238C43}"
EndProject
Project("{9A19103F-16F7-4668-BE54-9A1E7A4F7556}") = "R5T.T0185", "..\..\R5T.T0185\source\R5T.T0185\R5T.T0185.csproj", "{C17DEF90-8A3F-454F-814D-4F96A796F11D}"
EndProject
Global
	GlobalSection(NestedProjects) = preSolution
		{DC416F30-3494-4B68-8368-1E6E1CA67142} = {9AC54794-8FF9-478A-98E0-80369E33F577}
		{E36C6E76-73DA-4BA5-97A1-BD317A936FD6} = {9AC54794-8FF9-478A-98E0-80369E33F577}
		{FBA44544-4F42-4005-BD5B-5FD4008289E2} = {9AC54794-8FF9-478A-98E0-80369E33F577}
		{DFF6897A-A16F-4B78-ACC1-45D46B44FA00} = {9AC54794-8FF9-478A-98E0-80369E33F577}
		{119A558D-9AC1-4B98-8F28-4C23398133FC} = {9AC54794-8FF9-478A-98E0-80369E33F577}
		{D6484239-5708-4DEC-B180-F89FE3DAF859} = {9AC54794-8FF9-478A-98E0-80369E33F577}
		{36A7BF19-BD71-42B6-8A10-5CD7C8BF0DD2} = {9AC54794-8FF9-478A-98E0-80369E33F577}
		{80A45CE6-ED00-4358-9D8B-6A73EE73E2C2} = {9AC54794-8FF9-478A-98E0-80369E33F577}
		{C7482569-C5E6-4E7D-9E8A-EE97CBB602BC} = {9AC54794-8FF9-478A-98E0-80369E33F577}
		{CAC02CC4-4BDD-4799-B1BC-73A566F59CD9} = {9AC54794-8FF9-478A-98E0-80369E33F577}
		{6817F23B-0FAB-452F-9AD8-E44B3C40CBC4} = {9AC54794-8FF9-478A-98E0-80369E33F577}
		{F0519936-1E98-4C97-9EDF-0E437727A5B0} = {9AC54794-8FF9-478A-98E0-80369E33F577}
		{E6CB9A6B-0F92-42FF-B6F1-A09C12310125} = {9AC54794-8FF9-478A-98E0-80369E33F577}
		{8E991C98-3A90-4065-AEE6-ADB41F63CB5D} = {9AC54794-8FF9-478A-98E0-80369E33F577}
		{2066194C-4162-473B-9ED2-7026FB231DC1} = {9AC54794-8FF9-478A-98E0-80369E33F577}
		{C7DF59F0-05C9-4DD6-95CA-E9B2236E981A} = {9AC54794-8FF9-478A-98E0-80369E33F577}
		{86AFC2DC-3EA2-4E3E-9D6C-90B0FE00B3D3} = {9AC54794-8FF9-478A-98E0-80369E33F577}
		{4CCE366C-BC3C-4A82-BADE-43FC9D238C43} = {9AC54794-8FF9-478A-98E0-80369E33F577}
		{C17DEF90-8A3F-454F-814D-4F96A796F11D} = {9AC54794-8FF9-478A-98E0-80369E33F577}
	EndGlobalSection
	GlobalSection(SolutionConfigurationPlatforms) = preSolution
		Debug|Any CPU = Debug|Any CPU
		Release|Any CPU = Release|Any CPU
	EndGlobalSection
	GlobalSection(ProjectConfigurationPlatforms) = postSolution
		{99267E55-DB0E-4A1C-A8CC-0AF6FD408716}.Debug|Any CPU.ActiveCfg = Debug|Any CPU
		{99267E55-DB0E-4A1C-A8CC-0AF6FD408716}.Debug|Any CPU.Build.0 = Debug|Any CPU
		{99267E55-DB0E-4A1C-A8CC-0AF6FD408716}.Release|Any CPU.ActiveCfg = Release|Any CPU
		{99267E55-DB0E-4A1C-A8CC-0AF6FD408716}.Release|Any CPU.Build.0 = Release|Any CPU
		{69A4491F-9251-419F-A919-DBBE32B545D9}.Debug|Any CPU.ActiveCfg = Debug|Any CPU
		{69A4491F-9251-419F-A919-DBBE32B545D9}.Debug|Any CPU.Build.0 = Debug|Any CPU
		{69A4491F-9251-419F-A919-DBBE32B545D9}.Release|Any CPU.ActiveCfg = Release|Any CPU
		{69A4491F-9251-419F-A919-DBBE32B545D9}.Release|Any CPU.Build.0 = Release|Any CPU
		{DC416F30-3494-4B68-8368-1E6E1CA67142}.Debug|Any CPU.ActiveCfg = Debug|Any CPU
		{DC416F30-3494-4B68-8368-1E6E1CA67142}.Debug|Any CPU.Build.0 = Debug|Any CPU
		{DC416F30-3494-4B68-8368-1E6E1CA67142}.Release|Any CPU.ActiveCfg = Release|Any CPU
		{DC416F30-3494-4B68-8368-1E6E1CA67142}.Release|Any CPU.Build.0 = Release|Any CPU
		{E36C6E76-73DA-4BA5-97A1-BD317A936FD6}.Debug|Any CPU.ActiveCfg = Debug|Any CPU
		{E36C6E76-73DA-4BA5-97A1-BD317A936FD6}.Debug|Any CPU.Build.0 = Debug|Any CPU
		{E36C6E76-73DA-4BA5-97A1-BD317A936FD6}.Release|Any CPU.ActiveCfg = Release|Any CPU
		{E36C6E76-73DA-4BA5-97A1-BD317A936FD6}.Release|Any CPU.Build.0 = Release|Any CPU
		{FBA44544-4F42-4005-BD5B-5FD4008289E2}.Debug|Any CPU.ActiveCfg = Debug|Any CPU
		{FBA44544-4F42-4005-BD5B-5FD4008289E2}.Debug|Any CPU.Build.0 = Debug|Any CPU
		{FBA44544-4F42-4005-BD5B-5FD4008289E2}.Release|Any CPU.ActiveCfg = Release|Any CPU
		{FBA44544-4F42-4005-BD5B-5FD4008289E2}.Release|Any CPU.Build.0 = Release|Any CPU
		{DFF6897A-A16F-4B78-ACC1-45D46B44FA00}.Debug|Any CPU.ActiveCfg = Debug|Any CPU
		{DFF6897A-A16F-4B78-ACC1-45D46B44FA00}.Debug|Any CPU.Build.0 = Debug|Any CPU
		{DFF6897A-A16F-4B78-ACC1-45D46B44FA00}.Release|Any CPU.ActiveCfg = Release|Any CPU
		{DFF6897A-A16F-4B78-ACC1-45D46B44FA00}.Release|Any CPU.Build.0 = Release|Any CPU
		{119A558D-9AC1-4B98-8F28-4C23398133FC}.Debug|Any CPU.ActiveCfg = Debug|Any CPU
		{119A558D-9AC1-4B98-8F28-4C23398133FC}.Debug|Any CPU.Build.0 = Debug|Any CPU
		{119A558D-9AC1-4B98-8F28-4C23398133FC}.Release|Any CPU.ActiveCfg = Release|Any CPU
		{119A558D-9AC1-4B98-8F28-4C23398133FC}.Release|Any CPU.Build.0 = Release|Any CPU
		{D6484239-5708-4DEC-B180-F89FE3DAF859}.Debug|Any CPU.ActiveCfg = Debug|Any CPU
		{D6484239-5708-4DEC-B180-F89FE3DAF859}.Debug|Any CPU.Build.0 = Debug|Any CPU
		{D6484239-5708-4DEC-B180-F89FE3DAF859}.Release|Any CPU.ActiveCfg = Release|Any CPU
		{D6484239-5708-4DEC-B180-F89FE3DAF859}.Release|Any CPU.Build.0 = Release|Any CPU
		{36A7BF19-BD71-42B6-8A10-5CD7C8BF0DD2}.Debug|Any CPU.ActiveCfg = Debug|Any CPU
		{36A7BF19-BD71-42B6-8A10-5CD7C8BF0DD2}.Debug|Any CPU.Build.0 = Debug|Any CPU
		{36A7BF19-BD71-42B6-8A10-5CD7C8BF0DD2}.Release|Any CPU.ActiveCfg = Release|Any CPU
		{36A7BF19-BD71-42B6-8A10-5CD7C8BF0DD2}.Release|Any CPU.Build.0 = Release|Any CPU
		{80A45CE6-ED00-4358-9D8B-6A73EE73E2C2}.Debug|Any CPU.ActiveCfg = Debug|Any CPU
		{80A45CE6-ED00-4358-9D8B-6A73EE73E2C2}.Debug|Any CPU.Build.0 = Debug|Any CPU
		{80A45CE6-ED00-4358-9D8B-6A73EE73E2C2}.Release|Any CPU.ActiveCfg = Release|Any CPU
		{80A45CE6-ED00-4358-9D8B-6A73EE73E2C2}.Release|Any CPU.Build.0 = Release|Any CPU
		{C7482569-C5E6-4E7D-9E8A-EE97CBB602BC}.Debug|Any CPU.ActiveCfg = Debug|Any CPU
		{C7482569-C5E6-4E7D-9E8A-EE97CBB602BC}.Debug|Any CPU.Build.0 = Debug|Any CPU
		{C7482569-C5E6-4E7D-9E8A-EE97CBB602BC}.Release|Any CPU.ActiveCfg = Release|Any CPU
		{C7482569-C5E6-4E7D-9E8A-EE97CBB602BC}.Release|Any CPU.Build.0 = Release|Any CPU
		{CAC02CC4-4BDD-4799-B1BC-73A566F59CD9}.Debug|Any CPU.ActiveCfg = Debug|Any CPU
		{CAC02CC4-4BDD-4799-B1BC-73A566F59CD9}.Debug|Any CPU.Build.0 = Debug|Any CPU
		{CAC02CC4-4BDD-4799-B1BC-73A566F59CD9}.Release|Any CPU.ActiveCfg = Release|Any CPU
		{CAC02CC4-4BDD-4799-B1BC-73A566F59CD9}.Release|Any CPU.Build.0 = Release|Any CPU
		{6817F23B-0FAB-452F-9AD8-E44B3C40CBC4}.Debug|Any CPU.ActiveCfg = Debug|Any CPU
		{6817F23B-0FAB-452F-9AD8-E44B3C40CBC4}.Debug|Any CPU.Build.0 = Debug|Any CPU
		{6817F23B-0FAB-452F-9AD8-E44B3C40CBC4}.Release|Any CPU.ActiveCfg = Release|Any CPU
		{6817F23B-0FAB-452F-9AD8-E44B3C40CBC4}.Release|Any CPU.Build.0 = Release|Any CPU
		{F0519936-1E98-4C97-9EDF-0E437727A5B0}.Debug|Any CPU.ActiveCfg = Debug|Any CPU
		{F0519936-1E98-4C97-9EDF-0E437727A5B0}.Debug|Any CPU.Build.0 = Debug|Any CPU
		{F0519936-1E98-4C97-9EDF-0E437727A5B0}.Release|Any CPU.ActiveCfg = Release|Any CPU
		{F0519936-1E98-4C97-9EDF-0E437727A5B0}.Release|Any CPU.Build.0 = Release|Any CPU
		{E6CB9A6B-0F92-42FF-B6F1-A09C12310125}.Debug|Any CPU.ActiveCfg = Debug|Any CPU
		{E6CB9A6B-0F92-42FF-B6F1-A09C12310125}.Debug|Any CPU.Build.0 = Debug|Any CPU
		{E6CB9A6B-0F92-42FF-B6F1-A09C12310125}.Release|Any CPU.ActiveCfg = Release|Any CPU
		{E6CB9A6B-0F92-42FF-B6F1-A09C12310125}.Release|Any CPU.Build.0 = Release|Any CPU
		{8E991C98-3A90-4065-AEE6-ADB41F63CB5D}.Debug|Any CPU.ActiveCfg = Debug|Any CPU
		{8E991C98-3A90-4065-AEE6-ADB41F63CB5D}.Debug|Any CPU.Build.0 = Debug|Any CPU
		{8E991C98-3A90-4065-AEE6-ADB41F63CB5D}.Release|Any CPU.ActiveCfg = Release|Any CPU
		{8E991C98-3A90-4065-AEE6-ADB41F63CB5D}.Release|Any CPU.Build.0 = Release|Any CPU
		{2066194C-4162-473B-9ED2-7026FB231DC1}.Debug|Any CPU.ActiveCfg = Debug|Any CPU
		{2066194C-4162-473B-9ED2-7026FB231DC1}.Debug|Any CPU.Build.0 = Debug|Any CPU
		{2066194C-4162-473B-9ED2-7026FB231DC1}.Release|Any CPU.ActiveCfg = Release|Any CPU
		{2066194C-4162-473B-9ED2-7026FB231DC1}.Release|Any CPU.Build.0 = Release|Any CPU
		{C7DF59F0-05C9-4DD6-95CA-E9B2236E981A}.Debug|Any CPU.ActiveCfg = Debug|Any CPU
		{C7DF59F0-05C9-4DD6-95CA-E9B2236E981A}.Debug|Any CPU.Build.0 = Debug|Any CPU
		{C7DF59F0-05C9-4DD6-95CA-E9B2236E981A}.Release|Any CPU.ActiveCfg = Release|Any CPU
		{C7DF59F0-05C9-4DD6-95CA-E9B2236E981A}.Release|Any CPU.Build.0 = Release|Any CPU
		{86AFC2DC-3EA2-4E3E-9D6C-90B0FE00B3D3}.Debug|Any CPU.ActiveCfg = Debug|Any CPU
		{86AFC2DC-3EA2-4E3E-9D6C-90B0FE00B3D3}.Debug|Any CPU.Build.0 = Debug|Any CPU
		{86AFC2DC-3EA2-4E3E-9D6C-90B0FE00B3D3}.Release|Any CPU.ActiveCfg = Release|Any CPU
		{86AFC2DC-3EA2-4E3E-9D6C-90B0FE00B3D3}.Release|Any CPU.Build.0 = Release|Any CPU
		{4CCE366C-BC3C-4A82-BADE-43FC9D238C43}.Debug|Any CPU.ActiveCfg = Debug|Any CPU
		{4CCE366C-BC3C-4A82-BADE-43FC9D238C43}.Debug|Any CPU.Build.0 = Debug|Any CPU
		{4CCE366C-BC3C-4A82-BADE-43FC9D238C43}.Release|Any CPU.ActiveCfg = Release|Any CPU
		{4CCE366C-BC3C-4A82-BADE-43FC9D238C43}.Release|Any CPU.Build.0 = Release|Any CPU
		{C17DEF90-8A3F-454F-814D-4F96A796F11D}.Debug|Any CPU.ActiveCfg = Debug|Any CPU
		{C17DEF90-8A3F-454F-814D-4F96A796F11D}.Debug|Any CPU.Build.0 = Debug|Any CPU
		{C17DEF90-8A3F-454F-814D-4F96A796F11D}.Release|Any CPU.ActiveCfg = Release|Any CPU
		{C17DEF90-8A3F-454F-814D-4F96A796F11D}.Release|Any CPU.Build.0 = Release|Any CPU
	EndGlobalSection
	GlobalSection(SolutionProperties) = preSolution
		HideSolutionNode = FALSE
	EndGlobalSection
	GlobalSection(ExtensibilityGlobals) = postSolution
		SolutionGuid = {1DE0BBC4-BA54-43AC-A78B-9DCA59CF9292}
	EndGlobalSection
EndGlobal
