
Microsoft Visual Studio Solution File, Format Version 12.00
# Visual Studio Version 17
VisualStudioVersion = 17.2.32630.192
MinimumVisualStudioVersion = 10.0.40219.1
Project("{9A19103F-16F7-4668-BE54-9A1E7A4F7556}") = "R5T.F0124", "R5T.F0124\R5T.F0124.csproj", "{32E2BC8D-3C42-49FE-A1C0-C62E9369F2B1}"
EndProject
Project("{2150E333-8FDC-42A3-9474-1A3956D46DE8}") = "_Dependencies", "_Dependencies", "{05D300B7-5A5A-47DB-B3CA-01AA35275A53}"
EndProject
Project("{9A19103F-16F7-4668-BE54-9A1E7A4F7556}") = "R5T.F0000", "..\..\R5T.F0000\source\R5T.F0000\R5T.F0000.csproj", "{D6369A91-5FFA-4E1E-AF6C-8FFC5417BF3F}"
EndProject
Project("{9A19103F-16F7-4668-BE54-9A1E7A4F7556}") = "R5T.F0002", "..\..\R5T.F0002\source\R5T.F0002\R5T.F0002.csproj", "{92FAB34B-F29A-4E3A-8EC6-A208E29BFBC0}"
EndProject
Project("{9A19103F-16F7-4668-BE54-9A1E7A4F7556}") = "R5T.F0120", "..\..\R5T.F0120\source\R5T.F0120\R5T.F0120.csproj", "{B4ED40F3-D391-445A-8B66-C263C09D1E37}"
EndProject
Project("{9A19103F-16F7-4668-BE54-9A1E7A4F7556}") = "R5T.T0131", "..\..\R5T.T0131\source\R5T.T0131\R5T.T0131.csproj", "{3F482CA9-A289-451D-B851-8F43B2270798}"
EndProject
Project("{9A19103F-16F7-4668-BE54-9A1E7A4F7556}") = "R5T.T0132", "..\..\R5T.T0132\source\R5T.T0132\R5T.T0132.csproj", "{E2422AB6-993E-4D7A-B3B2-6B761393B068}"
EndProject
Project("{9A19103F-16F7-4668-BE54-9A1E7A4F7556}") = "R5T.T0142", "..\..\R5T.T0142\source\R5T.T0142\R5T.T0142.csproj", "{80C5AE9F-71A2-41D5-BD3C-B1F50816340D}"
EndProject
Project("{9A19103F-16F7-4668-BE54-9A1E7A4F7556}") = "R5T.T0143", "..\..\R5T.T0143\source\R5T.T0143\R5T.T0143.csproj", "{F2F3D0DB-7B3D-4B7B-A48E-1BA7EB371B80}"
EndProject
Project("{9A19103F-16F7-4668-BE54-9A1E7A4F7556}") = "R5T.T0156", "..\..\R5T.T0156\source\R5T.T0156\R5T.T0156.csproj", "{3CDA477F-3373-4BFA-9B9B-5BB12A1A8F2F}"
EndProject
Project("{9A19103F-16F7-4668-BE54-9A1E7A4F7556}") = "R5T.T0174", "..\..\R5T.T0174\source\R5T.T0174\R5T.T0174.csproj", "{9F7CF603-4CD1-4267-B9E4-93FA57721E1F}"
EndProject
Project("{9A19103F-16F7-4668-BE54-9A1E7A4F7556}") = "R5T.T0176", "..\..\R5T.T0176\source\R5T.T0176\R5T.T0176.csproj", "{F6A49222-382B-49A3-BD04-B8AFAB9C76DF}"
EndProject
Project("{9A19103F-16F7-4668-BE54-9A1E7A4F7556}") = "R5T.T0177", "..\..\R5T.T0177\source\R5T.T0177\R5T.T0177.csproj", "{A5ADB0EA-181F-4ED3-9F5A-D5D337155AE7}"
EndProject
Project("{9A19103F-16F7-4668-BE54-9A1E7A4F7556}") = "R5T.T0178", "..\..\R5T.T0178\source\R5T.T0178\R5T.T0178.csproj", "{512002B3-D9A8-497D-BDFD-9D130CDB7535}"
EndProject
Project("{9A19103F-16F7-4668-BE54-9A1E7A4F7556}") = "R5T.T0179", "..\..\R5T.T0179\source\R5T.T0179\R5T.T0179.csproj", "{F44ABD2A-2A1C-483F-84F9-681C1486291F}"
EndProject
Project("{9A19103F-16F7-4668-BE54-9A1E7A4F7556}") = "R5T.T0180", "..\..\R5T.T0180\source\R5T.T0180\R5T.T0180.csproj", "{D2EACD65-BEDB-4C8A-AF6E-F6F4907D3094}"
EndProject
Project("{9A19103F-16F7-4668-BE54-9A1E7A4F7556}") = "R5T.T0181", "..\..\R5T.T0181\source\R5T.T0181\R5T.T0181.csproj", "{D81F9A69-18E8-48D9-9AA5-D8D89057D3F6}"
EndProject
Project("{9A19103F-16F7-4668-BE54-9A1E7A4F7556}") = "R5T.Y0000", "..\..\R5T.Y0000\source\R5T.Y0000\R5T.Y0000.csproj", "{AA7B6253-F7E3-4864-AEBC-F834D43D51A8}"
EndProject
Project("{9A19103F-16F7-4668-BE54-9A1E7A4F7556}") = "R5T.Z0000", "..\..\R5T.Z0000\source\R5T.Z0000\R5T.Z0000.csproj", "{B283B699-F092-4272-9A19-9AAA232B5EB3}"
EndProject
Global
	GlobalSection(NestedProjects) = preSolution
		{D6369A91-5FFA-4E1E-AF6C-8FFC5417BF3F} = {05D300B7-5A5A-47DB-B3CA-01AA35275A53}
		{92FAB34B-F29A-4E3A-8EC6-A208E29BFBC0} = {05D300B7-5A5A-47DB-B3CA-01AA35275A53}
		{B4ED40F3-D391-445A-8B66-C263C09D1E37} = {05D300B7-5A5A-47DB-B3CA-01AA35275A53}
		{3F482CA9-A289-451D-B851-8F43B2270798} = {05D300B7-5A5A-47DB-B3CA-01AA35275A53}
		{E2422AB6-993E-4D7A-B3B2-6B761393B068} = {05D300B7-5A5A-47DB-B3CA-01AA35275A53}
		{80C5AE9F-71A2-41D5-BD3C-B1F50816340D} = {05D300B7-5A5A-47DB-B3CA-01AA35275A53}
		{F2F3D0DB-7B3D-4B7B-A48E-1BA7EB371B80} = {05D300B7-5A5A-47DB-B3CA-01AA35275A53}
		{3CDA477F-3373-4BFA-9B9B-5BB12A1A8F2F} = {05D300B7-5A5A-47DB-B3CA-01AA35275A53}
		{9F7CF603-4CD1-4267-B9E4-93FA57721E1F} = {05D300B7-5A5A-47DB-B3CA-01AA35275A53}
		{F6A49222-382B-49A3-BD04-B8AFAB9C76DF} = {05D300B7-5A5A-47DB-B3CA-01AA35275A53}
		{A5ADB0EA-181F-4ED3-9F5A-D5D337155AE7} = {05D300B7-5A5A-47DB-B3CA-01AA35275A53}
		{512002B3-D9A8-497D-BDFD-9D130CDB7535} = {05D300B7-5A5A-47DB-B3CA-01AA35275A53}
		{F44ABD2A-2A1C-483F-84F9-681C1486291F} = {05D300B7-5A5A-47DB-B3CA-01AA35275A53}
		{D2EACD65-BEDB-4C8A-AF6E-F6F4907D3094} = {05D300B7-5A5A-47DB-B3CA-01AA35275A53}
		{D81F9A69-18E8-48D9-9AA5-D8D89057D3F6} = {05D300B7-5A5A-47DB-B3CA-01AA35275A53}
		{AA7B6253-F7E3-4864-AEBC-F834D43D51A8} = {05D300B7-5A5A-47DB-B3CA-01AA35275A53}
		{B283B699-F092-4272-9A19-9AAA232B5EB3} = {05D300B7-5A5A-47DB-B3CA-01AA35275A53}
	EndGlobalSection
	GlobalSection(SolutionConfigurationPlatforms) = preSolution
		Debug|Any CPU = Debug|Any CPU
		Release|Any CPU = Release|Any CPU
	EndGlobalSection
	GlobalSection(ProjectConfigurationPlatforms) = postSolution
		{32E2BC8D-3C42-49FE-A1C0-C62E9369F2B1}.Debug|Any CPU.ActiveCfg = Debug|Any CPU
		{32E2BC8D-3C42-49FE-A1C0-C62E9369F2B1}.Debug|Any CPU.Build.0 = Debug|Any CPU
		{32E2BC8D-3C42-49FE-A1C0-C62E9369F2B1}.Release|Any CPU.ActiveCfg = Release|Any CPU
		{32E2BC8D-3C42-49FE-A1C0-C62E9369F2B1}.Release|Any CPU.Build.0 = Release|Any CPU
		{D6369A91-5FFA-4E1E-AF6C-8FFC5417BF3F}.Debug|Any CPU.ActiveCfg = Debug|Any CPU
		{D6369A91-5FFA-4E1E-AF6C-8FFC5417BF3F}.Debug|Any CPU.Build.0 = Debug|Any CPU
		{D6369A91-5FFA-4E1E-AF6C-8FFC5417BF3F}.Release|Any CPU.ActiveCfg = Release|Any CPU
		{D6369A91-5FFA-4E1E-AF6C-8FFC5417BF3F}.Release|Any CPU.Build.0 = Release|Any CPU
		{92FAB34B-F29A-4E3A-8EC6-A208E29BFBC0}.Debug|Any CPU.ActiveCfg = Debug|Any CPU
		{92FAB34B-F29A-4E3A-8EC6-A208E29BFBC0}.Debug|Any CPU.Build.0 = Debug|Any CPU
		{92FAB34B-F29A-4E3A-8EC6-A208E29BFBC0}.Release|Any CPU.ActiveCfg = Release|Any CPU
		{92FAB34B-F29A-4E3A-8EC6-A208E29BFBC0}.Release|Any CPU.Build.0 = Release|Any CPU
		{B4ED40F3-D391-445A-8B66-C263C09D1E37}.Debug|Any CPU.ActiveCfg = Debug|Any CPU
		{B4ED40F3-D391-445A-8B66-C263C09D1E37}.Debug|Any CPU.Build.0 = Debug|Any CPU
		{B4ED40F3-D391-445A-8B66-C263C09D1E37}.Release|Any CPU.ActiveCfg = Release|Any CPU
		{B4ED40F3-D391-445A-8B66-C263C09D1E37}.Release|Any CPU.Build.0 = Release|Any CPU
		{3F482CA9-A289-451D-B851-8F43B2270798}.Debug|Any CPU.ActiveCfg = Debug|Any CPU
		{3F482CA9-A289-451D-B851-8F43B2270798}.Debug|Any CPU.Build.0 = Debug|Any CPU
		{3F482CA9-A289-451D-B851-8F43B2270798}.Release|Any CPU.ActiveCfg = Release|Any CPU
		{3F482CA9-A289-451D-B851-8F43B2270798}.Release|Any CPU.Build.0 = Release|Any CPU
		{E2422AB6-993E-4D7A-B3B2-6B761393B068}.Debug|Any CPU.ActiveCfg = Debug|Any CPU
		{E2422AB6-993E-4D7A-B3B2-6B761393B068}.Debug|Any CPU.Build.0 = Debug|Any CPU
		{E2422AB6-993E-4D7A-B3B2-6B761393B068}.Release|Any CPU.ActiveCfg = Release|Any CPU
		{E2422AB6-993E-4D7A-B3B2-6B761393B068}.Release|Any CPU.Build.0 = Release|Any CPU
		{80C5AE9F-71A2-41D5-BD3C-B1F50816340D}.Debug|Any CPU.ActiveCfg = Debug|Any CPU
		{80C5AE9F-71A2-41D5-BD3C-B1F50816340D}.Debug|Any CPU.Build.0 = Debug|Any CPU
		{80C5AE9F-71A2-41D5-BD3C-B1F50816340D}.Release|Any CPU.ActiveCfg = Release|Any CPU
		{80C5AE9F-71A2-41D5-BD3C-B1F50816340D}.Release|Any CPU.Build.0 = Release|Any CPU
		{F2F3D0DB-7B3D-4B7B-A48E-1BA7EB371B80}.Debug|Any CPU.ActiveCfg = Debug|Any CPU
		{F2F3D0DB-7B3D-4B7B-A48E-1BA7EB371B80}.Debug|Any CPU.Build.0 = Debug|Any CPU
		{F2F3D0DB-7B3D-4B7B-A48E-1BA7EB371B80}.Release|Any CPU.ActiveCfg = Release|Any CPU
		{F2F3D0DB-7B3D-4B7B-A48E-1BA7EB371B80}.Release|Any CPU.Build.0 = Release|Any CPU
		{3CDA477F-3373-4BFA-9B9B-5BB12A1A8F2F}.Debug|Any CPU.ActiveCfg = Debug|Any CPU
		{3CDA477F-3373-4BFA-9B9B-5BB12A1A8F2F}.Debug|Any CPU.Build.0 = Debug|Any CPU
		{3CDA477F-3373-4BFA-9B9B-5BB12A1A8F2F}.Release|Any CPU.ActiveCfg = Release|Any CPU
		{3CDA477F-3373-4BFA-9B9B-5BB12A1A8F2F}.Release|Any CPU.Build.0 = Release|Any CPU
		{9F7CF603-4CD1-4267-B9E4-93FA57721E1F}.Debug|Any CPU.ActiveCfg = Debug|Any CPU
		{9F7CF603-4CD1-4267-B9E4-93FA57721E1F}.Debug|Any CPU.Build.0 = Debug|Any CPU
		{9F7CF603-4CD1-4267-B9E4-93FA57721E1F}.Release|Any CPU.ActiveCfg = Release|Any CPU
		{9F7CF603-4CD1-4267-B9E4-93FA57721E1F}.Release|Any CPU.Build.0 = Release|Any CPU
		{F6A49222-382B-49A3-BD04-B8AFAB9C76DF}.Debug|Any CPU.ActiveCfg = Debug|Any CPU
		{F6A49222-382B-49A3-BD04-B8AFAB9C76DF}.Debug|Any CPU.Build.0 = Debug|Any CPU
		{F6A49222-382B-49A3-BD04-B8AFAB9C76DF}.Release|Any CPU.ActiveCfg = Release|Any CPU
		{F6A49222-382B-49A3-BD04-B8AFAB9C76DF}.Release|Any CPU.Build.0 = Release|Any CPU
		{A5ADB0EA-181F-4ED3-9F5A-D5D337155AE7}.Debug|Any CPU.ActiveCfg = Debug|Any CPU
		{A5ADB0EA-181F-4ED3-9F5A-D5D337155AE7}.Debug|Any CPU.Build.0 = Debug|Any CPU
		{A5ADB0EA-181F-4ED3-9F5A-D5D337155AE7}.Release|Any CPU.ActiveCfg = Release|Any CPU
		{A5ADB0EA-181F-4ED3-9F5A-D5D337155AE7}.Release|Any CPU.Build.0 = Release|Any CPU
		{512002B3-D9A8-497D-BDFD-9D130CDB7535}.Debug|Any CPU.ActiveCfg = Debug|Any CPU
		{512002B3-D9A8-497D-BDFD-9D130CDB7535}.Debug|Any CPU.Build.0 = Debug|Any CPU
		{512002B3-D9A8-497D-BDFD-9D130CDB7535}.Release|Any CPU.ActiveCfg = Release|Any CPU
		{512002B3-D9A8-497D-BDFD-9D130CDB7535}.Release|Any CPU.Build.0 = Release|Any CPU
		{F44ABD2A-2A1C-483F-84F9-681C1486291F}.Debug|Any CPU.ActiveCfg = Debug|Any CPU
		{F44ABD2A-2A1C-483F-84F9-681C1486291F}.Debug|Any CPU.Build.0 = Debug|Any CPU
		{F44ABD2A-2A1C-483F-84F9-681C1486291F}.Release|Any CPU.ActiveCfg = Release|Any CPU
		{F44ABD2A-2A1C-483F-84F9-681C1486291F}.Release|Any CPU.Build.0 = Release|Any CPU
		{D2EACD65-BEDB-4C8A-AF6E-F6F4907D3094}.Debug|Any CPU.ActiveCfg = Debug|Any CPU
		{D2EACD65-BEDB-4C8A-AF6E-F6F4907D3094}.Debug|Any CPU.Build.0 = Debug|Any CPU
		{D2EACD65-BEDB-4C8A-AF6E-F6F4907D3094}.Release|Any CPU.ActiveCfg = Release|Any CPU
		{D2EACD65-BEDB-4C8A-AF6E-F6F4907D3094}.Release|Any CPU.Build.0 = Release|Any CPU
		{D81F9A69-18E8-48D9-9AA5-D8D89057D3F6}.Debug|Any CPU.ActiveCfg = Debug|Any CPU
		{D81F9A69-18E8-48D9-9AA5-D8D89057D3F6}.Debug|Any CPU.Build.0 = Debug|Any CPU
		{D81F9A69-18E8-48D9-9AA5-D8D89057D3F6}.Release|Any CPU.ActiveCfg = Release|Any CPU
		{D81F9A69-18E8-48D9-9AA5-D8D89057D3F6}.Release|Any CPU.Build.0 = Release|Any CPU
		{AA7B6253-F7E3-4864-AEBC-F834D43D51A8}.Debug|Any CPU.ActiveCfg = Debug|Any CPU
		{AA7B6253-F7E3-4864-AEBC-F834D43D51A8}.Debug|Any CPU.Build.0 = Debug|Any CPU
		{AA7B6253-F7E3-4864-AEBC-F834D43D51A8}.Release|Any CPU.ActiveCfg = Release|Any CPU
		{AA7B6253-F7E3-4864-AEBC-F834D43D51A8}.Release|Any CPU.Build.0 = Release|Any CPU
		{B283B699-F092-4272-9A19-9AAA232B5EB3}.Debug|Any CPU.ActiveCfg = Debug|Any CPU
		{B283B699-F092-4272-9A19-9AAA232B5EB3}.Debug|Any CPU.Build.0 = Debug|Any CPU
		{B283B699-F092-4272-9A19-9AAA232B5EB3}.Release|Any CPU.ActiveCfg = Release|Any CPU
		{B283B699-F092-4272-9A19-9AAA232B5EB3}.Release|Any CPU.Build.0 = Release|Any CPU
	EndGlobalSection
	GlobalSection(SolutionProperties) = preSolution
		HideSolutionNode = FALSE
	EndGlobalSection
	GlobalSection(ExtensibilityGlobals) = postSolution
		SolutionGuid = {8749DAFD-0445-45C9-B24A-3FA5A41AA314}
	EndGlobalSection
EndGlobal
